
Microsoft Visual Studio Solution File, Format Version 12.00
# Visual Studio Version 17
VisualStudioVersion = 17.2.32505.173
MinimumVisualStudioVersion = 10.0.40219.1
Project("{FAE04EC0-301F-11D3-BF4B-00C04F79EFBC}") = "APMBlokingByAsyncWitHandle", "APMBlokingByAsyncWitHandle.csproj", "{D498D4C6-1C1C-4AE3-A460-29B750A473C3}"
EndProject
Project("{FAE04EC0-301F-11D3-BF4B-00C04F79EFBC}") = "APMBlockingByEndMethod", "..\APMBlockingByEndMethod\APMBlockingByEndMethod.csproj", "{3E0000E0-A9BE-4582-A5FC-B40E241FFFFC}"
EndProject
Project("{FAE04EC0-301F-11D3-BF4B-00C04F79EFBC}") = "APMWaitPoll", "..\APMWaitPoll\APMWaitPoll.csproj", "{758552CE-8063-4DFC-A361-35EE3EF89A46}"
EndProject
Project("{FAE04EC0-301F-11D3-BF4B-00C04F79EFBC}") = "APMWithCallback", "..\APMWithCallback\APMWithCallback.csproj", "{EBF8379B-1D12-4FBC-BAD7-42C5A5F5E2D7}"
EndProject
Project("{FAE04EC0-301F-11D3-BF4B-00C04F79EFBC}") = "APMDelegate", "..\APMDelegate\APMDelegate.csproj", "{BCF84BB9-5966-4038-9E9E-1B3460B718A0}"
EndProject
Project("{9A19103F-16F7-4668-BE54-9A1E7A4F7556}") = "EAPWPFDemo", "..\EAPWPFDemo\EAPWPFDemo.csproj", "{D0C79BF6-D5E7-4CB3-A16B-C858DAD3371F}"
EndProject
Project("{9A19103F-16F7-4668-BE54-9A1E7A4F7556}") = "TAPManually", "..\TAPManually\TAPManually.csproj", "{3E3B0830-256C-450F-A8AE-E93EC03F98FF}"
EndProject
Project("{9A19103F-16F7-4668-BE54-9A1E7A4F7556}") = "TAPAsyncAwait", "..\TAPAsyncAwait\TAPAsyncAwait.csproj", "{87874C57-3528-4927-AB7C-0A85ADA93A6F}"
EndProject
Project("{9A19103F-16F7-4668-BE54-9A1E7A4F7556}") = "DeadLock", "..\DeadLock\DeadLock.csproj", "{7E887E24-2FDF-4572-9BD3-07492968E0EF}"
EndProject
Project("{9A19103F-16F7-4668-BE54-9A1E7A4F7556}") = "AsyncIO", "..\AsyncIO\AsyncIO.csproj", "{1D5AFF06-1E27-49EB-8A1C-33D617FCFD17}"
EndProject
Project("{9A19103F-16F7-4668-BE54-9A1E7A4F7556}") = "LockExample", "..\LockExample\LockExample.csproj", "{E2535F82-7158-40B1-AA7D-AD3AA2DA43EC}"
EndProject
Project("{9A19103F-16F7-4668-BE54-9A1E7A4F7556}") = "Monitor", "..\Monitor\Monitor.csproj", "{8EC64813-8927-400D-ABC3-D2C9A6362D12}"
EndProject
Project("{9A19103F-16F7-4668-BE54-9A1E7A4F7556}") = "ReaderAndWriterLockSlim", "..\ReaderAndWriterLockSlim\ReaderAndWriterLockSlim.csproj", "{72CDB662-546C-43F9-96C0-D34ECDF49117}"
EndProject
Project("{9A19103F-16F7-4668-BE54-9A1E7A4F7556}") = "Semaphore", "..\Semaphore\Semaphore.csproj", "{24573DBB-0A02-45DB-A673-354772BD324F}"
EndProject
Project("{9A19103F-16F7-4668-BE54-9A1E7A4F7556}") = "Mutex", "..\Mutex\Mutex.csproj", "{088C188F-CE4A-4CD1-81C6-7A7FE9F913AF}"
EndProject
Project("{FAE04EC0-301F-11D3-BF4B-00C04F79EFBC}") = "DemoSpinLock", "..\DemoSpinLock\DemoSpinLock.csproj", "{8E7255D7-C0BE-466C-A925-F53F7A442164}"
EndProject
Project("{FAE04EC0-301F-11D3-BF4B-00C04F79EFBC}") = "DemoSpinWait", "..\DemoSpinWait\DemoSpinWait.csproj", "{9B7E65C5-A662-4FDF-A713-7A3BA308269B}"
EndProject
Project("{FAE04EC0-301F-11D3-BF4B-00C04F79EFBC}") = "ImmutableVsConcurrent", "..\ImmutableVsConcurrent\ImmutableVsConcurrent.csproj", "{C61B177D-4B37-49B6-B303-5B518BED3104}"
EndProject
Project("{FAE04EC0-301F-11D3-BF4B-00C04F79EFBC}") = "DemoParallel", "..\DemoParallel\DemoParallel.csproj", "{C7AF6CC2-03D8-4F2B-AACC-E15356C00BED}"
EndProject
Project("{FAE04EC0-301F-11D3-BF4B-00C04F79EFBC}") = "PLINQDemo", "..\PLINQDemo\PLINQDemo.csproj", "{DA869287-CE72-4A26-9B37-ADEB3E5F7378}"
EndProject
Global
	GlobalSection(SolutionConfigurationPlatforms) = preSolution
		Debug|Any CPU = Debug|Any CPU
		Release|Any CPU = Release|Any CPU
	EndGlobalSection
	GlobalSection(ProjectConfigurationPlatforms) = postSolution
		{D498D4C6-1C1C-4AE3-A460-29B750A473C3}.Debug|Any CPU.ActiveCfg = Debug|Any CPU
		{D498D4C6-1C1C-4AE3-A460-29B750A473C3}.Debug|Any CPU.Build.0 = Debug|Any CPU
		{D498D4C6-1C1C-4AE3-A460-29B750A473C3}.Release|Any CPU.ActiveCfg = Release|Any CPU
		{D498D4C6-1C1C-4AE3-A460-29B750A473C3}.Release|Any CPU.Build.0 = Release|Any CPU
		{3E0000E0-A9BE-4582-A5FC-B40E241FFFFC}.Debug|Any CPU.ActiveCfg = Debug|Any CPU
		{3E0000E0-A9BE-4582-A5FC-B40E241FFFFC}.Debug|Any CPU.Build.0 = Debug|Any CPU
		{3E0000E0-A9BE-4582-A5FC-B40E241FFFFC}.Release|Any CPU.ActiveCfg = Release|Any CPU
		{3E0000E0-A9BE-4582-A5FC-B40E241FFFFC}.Release|Any CPU.Build.0 = Release|Any CPU
		{758552CE-8063-4DFC-A361-35EE3EF89A46}.Debug|Any CPU.ActiveCfg = Debug|Any CPU
		{758552CE-8063-4DFC-A361-35EE3EF89A46}.Debug|Any CPU.Build.0 = Debug|Any CPU
		{758552CE-8063-4DFC-A361-35EE3EF89A46}.Release|Any CPU.ActiveCfg = Release|Any CPU
		{758552CE-8063-4DFC-A361-35EE3EF89A46}.Release|Any CPU.Build.0 = Release|Any CPU
		{EBF8379B-1D12-4FBC-BAD7-42C5A5F5E2D7}.Debug|Any CPU.ActiveCfg = Debug|Any CPU
		{EBF8379B-1D12-4FBC-BAD7-42C5A5F5E2D7}.Debug|Any CPU.Build.0 = Debug|Any CPU
		{EBF8379B-1D12-4FBC-BAD7-42C5A5F5E2D7}.Release|Any CPU.ActiveCfg = Release|Any CPU
		{EBF8379B-1D12-4FBC-BAD7-42C5A5F5E2D7}.Release|Any CPU.Build.0 = Release|Any CPU
		{BCF84BB9-5966-4038-9E9E-1B3460B718A0}.Debug|Any CPU.ActiveCfg = Debug|Any CPU
		{BCF84BB9-5966-4038-9E9E-1B3460B718A0}.Debug|Any CPU.Build.0 = Debug|Any CPU
		{BCF84BB9-5966-4038-9E9E-1B3460B718A0}.Release|Any CPU.ActiveCfg = Release|Any CPU
		{BCF84BB9-5966-4038-9E9E-1B3460B718A0}.Release|Any CPU.Build.0 = Release|Any CPU
		{D0C79BF6-D5E7-4CB3-A16B-C858DAD3371F}.Debug|Any CPU.ActiveCfg = Debug|Any CPU
		{D0C79BF6-D5E7-4CB3-A16B-C858DAD3371F}.Debug|Any CPU.Build.0 = Debug|Any CPU
		{D0C79BF6-D5E7-4CB3-A16B-C858DAD3371F}.Release|Any CPU.ActiveCfg = Release|Any CPU
		{D0C79BF6-D5E7-4CB3-A16B-C858DAD3371F}.Release|Any CPU.Build.0 = Release|Any CPU
		{3E3B0830-256C-450F-A8AE-E93EC03F98FF}.Debug|Any CPU.ActiveCfg = Debug|Any CPU
		{3E3B0830-256C-450F-A8AE-E93EC03F98FF}.Debug|Any CPU.Build.0 = Debug|Any CPU
		{3E3B0830-256C-450F-A8AE-E93EC03F98FF}.Release|Any CPU.ActiveCfg = Release|Any CPU
		{3E3B0830-256C-450F-A8AE-E93EC03F98FF}.Release|Any CPU.Build.0 = Release|Any CPU
		{87874C57-3528-4927-AB7C-0A85ADA93A6F}.Debug|Any CPU.ActiveCfg = Debug|Any CPU
		{87874C57-3528-4927-AB7C-0A85ADA93A6F}.Debug|Any CPU.Build.0 = Debug|Any CPU
		{87874C57-3528-4927-AB7C-0A85ADA93A6F}.Release|Any CPU.ActiveCfg = Release|Any CPU
		{87874C57-3528-4927-AB7C-0A85ADA93A6F}.Release|Any CPU.Build.0 = Release|Any CPU
		{7E887E24-2FDF-4572-9BD3-07492968E0EF}.Debug|Any CPU.ActiveCfg = Debug|Any CPU
		{7E887E24-2FDF-4572-9BD3-07492968E0EF}.Debug|Any CPU.Build.0 = Debug|Any CPU
		{7E887E24-2FDF-4572-9BD3-07492968E0EF}.Release|Any CPU.ActiveCfg = Release|Any CPU
		{7E887E24-2FDF-4572-9BD3-07492968E0EF}.Release|Any CPU.Build.0 = Release|Any CPU
		{1D5AFF06-1E27-49EB-8A1C-33D617FCFD17}.Debug|Any CPU.ActiveCfg = Debug|Any CPU
		{1D5AFF06-1E27-49EB-8A1C-33D617FCFD17}.Debug|Any CPU.Build.0 = Debug|Any CPU
		{1D5AFF06-1E27-49EB-8A1C-33D617FCFD17}.Release|Any CPU.ActiveCfg = Release|Any CPU
		{1D5AFF06-1E27-49EB-8A1C-33D617FCFD17}.Release|Any CPU.Build.0 = Release|Any CPU
		{E2535F82-7158-40B1-AA7D-AD3AA2DA43EC}.Debug|Any CPU.ActiveCfg = Debug|Any CPU
		{E2535F82-7158-40B1-AA7D-AD3AA2DA43EC}.Debug|Any CPU.Build.0 = Debug|Any CPU
		{E2535F82-7158-40B1-AA7D-AD3AA2DA43EC}.Release|Any CPU.ActiveCfg = Release|Any CPU
		{E2535F82-7158-40B1-AA7D-AD3AA2DA43EC}.Release|Any CPU.Build.0 = Release|Any CPU
		{8EC64813-8927-400D-ABC3-D2C9A6362D12}.Debug|Any CPU.ActiveCfg = Debug|Any CPU
		{8EC64813-8927-400D-ABC3-D2C9A6362D12}.Debug|Any CPU.Build.0 = Debug|Any CPU
		{8EC64813-8927-400D-ABC3-D2C9A6362D12}.Release|Any CPU.ActiveCfg = Release|Any CPU
		{8EC64813-8927-400D-ABC3-D2C9A6362D12}.Release|Any CPU.Build.0 = Release|Any CPU
		{72CDB662-546C-43F9-96C0-D34ECDF49117}.Debug|Any CPU.ActiveCfg = Debug|Any CPU
		{72CDB662-546C-43F9-96C0-D34ECDF49117}.Debug|Any CPU.Build.0 = Debug|Any CPU
		{72CDB662-546C-43F9-96C0-D34ECDF49117}.Release|Any CPU.ActiveCfg = Release|Any CPU
		{72CDB662-546C-43F9-96C0-D34ECDF49117}.Release|Any CPU.Build.0 = Release|Any CPU
		{24573DBB-0A02-45DB-A673-354772BD324F}.Debug|Any CPU.ActiveCfg = Debug|Any CPU
		{24573DBB-0A02-45DB-A673-354772BD324F}.Debug|Any CPU.Build.0 = Debug|Any CPU
		{24573DBB-0A02-45DB-A673-354772BD324F}.Release|Any CPU.ActiveCfg = Release|Any CPU
		{24573DBB-0A02-45DB-A673-354772BD324F}.Release|Any CPU.Build.0 = Release|Any CPU
		{088C188F-CE4A-4CD1-81C6-7A7FE9F913AF}.Debug|Any CPU.ActiveCfg = Debug|Any CPU
		{088C188F-CE4A-4CD1-81C6-7A7FE9F913AF}.Debug|Any CPU.Build.0 = Debug|Any CPU
		{088C188F-CE4A-4CD1-81C6-7A7FE9F913AF}.Release|Any CPU.ActiveCfg = Release|Any CPU
		{088C188F-CE4A-4CD1-81C6-7A7FE9F913AF}.Release|Any CPU.Build.0 = Release|Any CPU
		{8E7255D7-C0BE-466C-A925-F53F7A442164}.Debug|Any CPU.ActiveCfg = Debug|Any CPU
		{8E7255D7-C0BE-466C-A925-F53F7A442164}.Debug|Any CPU.Build.0 = Debug|Any CPU
		{8E7255D7-C0BE-466C-A925-F53F7A442164}.Release|Any CPU.ActiveCfg = Release|Any CPU
		{8E7255D7-C0BE-466C-A925-F53F7A442164}.Release|Any CPU.Build.0 = Release|Any CPU
		{9B7E65C5-A662-4FDF-A713-7A3BA308269B}.Debug|Any CPU.ActiveCfg = Debug|Any CPU
		{9B7E65C5-A662-4FDF-A713-7A3BA308269B}.Debug|Any CPU.Build.0 = Debug|Any CPU
		{9B7E65C5-A662-4FDF-A713-7A3BA308269B}.Release|Any CPU.ActiveCfg = Release|Any CPU
		{9B7E65C5-A662-4FDF-A713-7A3BA308269B}.Release|Any CPU.Build.0 = Release|Any CPU
		{C61B177D-4B37-49B6-B303-5B518BED3104}.Debug|Any CPU.ActiveCfg = Debug|Any CPU
		{C61B177D-4B37-49B6-B303-5B518BED3104}.Debug|Any CPU.Build.0 = Debug|Any CPU
		{C61B177D-4B37-49B6-B303-5B518BED3104}.Release|Any CPU.ActiveCfg = Release|Any CPU
		{C61B177D-4B37-49B6-B303-5B518BED3104}.Release|Any CPU.Build.0 = Release|Any CPU
		{C7AF6CC2-03D8-4F2B-AACC-E15356C00BED}.Debug|Any CPU.ActiveCfg = Debug|Any CPU
		{C7AF6CC2-03D8-4F2B-AACC-E15356C00BED}.Debug|Any CPU.Build.0 = Debug|Any CPU
		{C7AF6CC2-03D8-4F2B-AACC-E15356C00BED}.Release|Any CPU.ActiveCfg = Release|Any CPU
		{C7AF6CC2-03D8-4F2B-AACC-E15356C00BED}.Release|Any CPU.Build.0 = Release|Any CPU
		{DA869287-CE72-4A26-9B37-ADEB3E5F7378}.Debug|Any CPU.ActiveCfg = Debug|Any CPU
		{DA869287-CE72-4A26-9B37-ADEB3E5F7378}.Debug|Any CPU.Build.0 = Debug|Any CPU
		{DA869287-CE72-4A26-9B37-ADEB3E5F7378}.Release|Any CPU.ActiveCfg = Release|Any CPU
		{DA869287-CE72-4A26-9B37-ADEB3E5F7378}.Release|Any CPU.Build.0 = Release|Any CPU
	EndGlobalSection
	GlobalSection(SolutionProperties) = preSolution
		HideSolutionNode = FALSE
	EndGlobalSection
	GlobalSection(ExtensibilityGlobals) = postSolution
		SolutionGuid = {FF3E5F4C-ED2E-4808-B185-A1A1264A1528}
	EndGlobalSection
EndGlobal
